
Microsoft Visual Studio Solution File, Format Version 12.00
Project("{FAE04EC0-301F-11D3-BF4B-00C04F79EFBC}") = "Day1", "Day1\Day1.csproj", "{EBA1D6BA-242B-4C57-AE08-CD22CC9A89F0}"
EndProject
Project("{FAE04EC0-301F-11D3-BF4B-00C04F79EFBC}") = "Day2", "Day2\Day2.csproj", "{816E46E4-73B4-420A-8FAA-816F39DD06C9}"
EndProject
Project("{FAE04EC0-301F-11D3-BF4B-00C04F79EFBC}") = "Day3", "Day3\Day3.csproj", "{7ADCFBE3-C9F0-409B-98A9-2AD0BF55AD26}"
EndProject
Project("{FAE04EC0-301F-11D3-BF4B-00C04F79EFBC}") = "Day4", "Day4\Day4.csproj", "{32099868-A339-47E9-8D28-DD150D988AEC}"
EndProject
Project("{FAE04EC0-301F-11D3-BF4B-00C04F79EFBC}") = "Day5", "Day5\Day5.csproj", "{5AF5BCE1-B9EB-4073-8A14-1B01392D662A}"
EndProject
Project("{FAE04EC0-301F-11D3-BF4B-00C04F79EFBC}") = "Day6", "Day6\Day6.csproj", "{6F1CB814-1FB3-40EB-80F1-09D091047509}"
EndProject
Project("{FAE04EC0-301F-11D3-BF4B-00C04F79EFBC}") = "Day7", "Day7\Day7.csproj", "{06F2F7DD-690F-4E5D-A6B5-DBEC3F133AB8}"
EndProject
Project("{FAE04EC0-301F-11D3-BF4B-00C04F79EFBC}") = "Day8", "Day8\Day8.csproj", "{6336333F-6385-4DBD-9596-718685491838}"
EndProject
Project("{FAE04EC0-301F-11D3-BF4B-00C04F79EFBC}") = "Day9", "Day9\Day9.csproj", "{1421D374-F364-4718-A351-946F16157D37}"
EndProject
Project("{FAE04EC0-301F-11D3-BF4B-00C04F79EFBC}") = "Day10", "Day10\Day10.csproj", "{0E97CF33-4FE1-4AD8-8E8E-90A9AA629C74}"
EndProject
Project("{FAE04EC0-301F-11D3-BF4B-00C04F79EFBC}") = "Day11", "Day11\Day11.csproj", "{EF36B5A7-07F5-41A3-A191-F16E93DC03A6}"
EndProject
Global
	GlobalSection(SolutionConfigurationPlatforms) = preSolution
		Debug|Any CPU = Debug|Any CPU
		Release|Any CPU = Release|Any CPU
	EndGlobalSection
	GlobalSection(ProjectConfigurationPlatforms) = postSolution
		{EBA1D6BA-242B-4C57-AE08-CD22CC9A89F0}.Debug|Any CPU.ActiveCfg = Debug|Any CPU
		{EBA1D6BA-242B-4C57-AE08-CD22CC9A89F0}.Debug|Any CPU.Build.0 = Debug|Any CPU
		{EBA1D6BA-242B-4C57-AE08-CD22CC9A89F0}.Release|Any CPU.ActiveCfg = Release|Any CPU
		{EBA1D6BA-242B-4C57-AE08-CD22CC9A89F0}.Release|Any CPU.Build.0 = Release|Any CPU
		{816E46E4-73B4-420A-8FAA-816F39DD06C9}.Debug|Any CPU.ActiveCfg = Debug|Any CPU
		{816E46E4-73B4-420A-8FAA-816F39DD06C9}.Debug|Any CPU.Build.0 = Debug|Any CPU
		{816E46E4-73B4-420A-8FAA-816F39DD06C9}.Release|Any CPU.ActiveCfg = Release|Any CPU
		{816E46E4-73B4-420A-8FAA-816F39DD06C9}.Release|Any CPU.Build.0 = Release|Any CPU
		{7ADCFBE3-C9F0-409B-98A9-2AD0BF55AD26}.Debug|Any CPU.ActiveCfg = Debug|Any CPU
		{7ADCFBE3-C9F0-409B-98A9-2AD0BF55AD26}.Debug|Any CPU.Build.0 = Debug|Any CPU
		{7ADCFBE3-C9F0-409B-98A9-2AD0BF55AD26}.Release|Any CPU.ActiveCfg = Release|Any CPU
		{7ADCFBE3-C9F0-409B-98A9-2AD0BF55AD26}.Release|Any CPU.Build.0 = Release|Any CPU
		{32099868-A339-47E9-8D28-DD150D988AEC}.Debug|Any CPU.ActiveCfg = Debug|Any CPU
		{32099868-A339-47E9-8D28-DD150D988AEC}.Debug|Any CPU.Build.0 = Debug|Any CPU
		{32099868-A339-47E9-8D28-DD150D988AEC}.Release|Any CPU.ActiveCfg = Release|Any CPU
		{32099868-A339-47E9-8D28-DD150D988AEC}.Release|Any CPU.Build.0 = Release|Any CPU
		{5AF5BCE1-B9EB-4073-8A14-1B01392D662A}.Debug|Any CPU.ActiveCfg = Debug|Any CPU
		{5AF5BCE1-B9EB-4073-8A14-1B01392D662A}.Debug|Any CPU.Build.0 = Debug|Any CPU
		{5AF5BCE1-B9EB-4073-8A14-1B01392D662A}.Release|Any CPU.ActiveCfg = Release|Any CPU
		{5AF5BCE1-B9EB-4073-8A14-1B01392D662A}.Release|Any CPU.Build.0 = Release|Any CPU
		{6F1CB814-1FB3-40EB-80F1-09D091047509}.Debug|Any CPU.ActiveCfg = Debug|Any CPU
		{6F1CB814-1FB3-40EB-80F1-09D091047509}.Debug|Any CPU.Build.0 = Debug|Any CPU
		{6F1CB814-1FB3-40EB-80F1-09D091047509}.Release|Any CPU.ActiveCfg = Release|Any CPU
		{6F1CB814-1FB3-40EB-80F1-09D091047509}.Release|Any CPU.Build.0 = Release|Any CPU
		{06F2F7DD-690F-4E5D-A6B5-DBEC3F133AB8}.Debug|Any CPU.ActiveCfg = Debug|Any CPU
		{06F2F7DD-690F-4E5D-A6B5-DBEC3F133AB8}.Debug|Any CPU.Build.0 = Debug|Any CPU
		{06F2F7DD-690F-4E5D-A6B5-DBEC3F133AB8}.Release|Any CPU.ActiveCfg = Release|Any CPU
		{06F2F7DD-690F-4E5D-A6B5-DBEC3F133AB8}.Release|Any CPU.Build.0 = Release|Any CPU
		{6336333F-6385-4DBD-9596-718685491838}.Debug|Any CPU.ActiveCfg = Debug|Any CPU
		{6336333F-6385-4DBD-9596-718685491838}.Debug|Any CPU.Build.0 = Debug|Any CPU
		{6336333F-6385-4DBD-9596-718685491838}.Release|Any CPU.ActiveCfg = Release|Any CPU
		{6336333F-6385-4DBD-9596-718685491838}.Release|Any CPU.Build.0 = Release|Any CPU
		{1421D374-F364-4718-A351-946F16157D37}.Debug|Any CPU.ActiveCfg = Debug|Any CPU
		{1421D374-F364-4718-A351-946F16157D37}.Debug|Any CPU.Build.0 = Debug|Any CPU
		{1421D374-F364-4718-A351-946F16157D37}.Release|Any CPU.ActiveCfg = Release|Any CPU
		{1421D374-F364-4718-A351-946F16157D37}.Release|Any CPU.Build.0 = Release|Any CPU
		{0E97CF33-4FE1-4AD8-8E8E-90A9AA629C74}.Debug|Any CPU.ActiveCfg = Debug|Any CPU
		{0E97CF33-4FE1-4AD8-8E8E-90A9AA629C74}.Debug|Any CPU.Build.0 = Debug|Any CPU
		{0E97CF33-4FE1-4AD8-8E8E-90A9AA629C74}.Release|Any CPU.ActiveCfg = Release|Any CPU
		{0E97CF33-4FE1-4AD8-8E8E-90A9AA629C74}.Release|Any CPU.Build.0 = Release|Any CPU
		{EF36B5A7-07F5-41A3-A191-F16E93DC03A6}.Debug|Any CPU.ActiveCfg = Debug|Any CPU
		{EF36B5A7-07F5-41A3-A191-F16E93DC03A6}.Debug|Any CPU.Build.0 = Debug|Any CPU
		{EF36B5A7-07F5-41A3-A191-F16E93DC03A6}.Release|Any CPU.ActiveCfg = Release|Any CPU
		{EF36B5A7-07F5-41A3-A191-F16E93DC03A6}.Release|Any CPU.Build.0 = Release|Any CPU
	EndGlobalSection
EndGlobal
